{
  "name": "cube",
  "version": "1.0.0",
  "lockfileVersion": 1,
  "requires": true,
  "dependencies": {
    "postprocessing": {
      "version": "6.6.0",
      "resolved": "https://registry.npmjs.org/postprocessing/-/postprocessing-6.6.0.tgz",
      "integrity": "sha512-yKBt38Gl4+I0WKI2kN/XAGm85x3uguNC27wY/Q31BZoi1KIXNQ/BrdfKuj5On2+xlznL+j50BprDz/M4TbqsCg=="
    },
    "three": {
      "version": "0.107.0",
      "resolved": "https://registry.npmjs.org/three/-/three-0.107.0.tgz",
      "integrity": "sha512-vqbKJRLBEviPVa7poEzXocobicwxzsctr5mnymA7n8fEzcVS49rYP0RrwqZ98JqujRoruK+/YzcchNpRP+kXsQ=="
    }
  }
}
